
Microsoft Visual Studio Solution File, Format Version 11.00
# Visual C# Express 2010
Project("{FAE04EC0-301F-11D3-BF4B-00C04F79EFBC}") = "SOME_IP_Server_Client", "SOME_IP_Server_Client\SOME_IP_Server_Client.csproj", "{6A1813AD-BD8D-4005-96EE-375A08B0592C}"
EndProject
Global
	GlobalSection(SolutionConfigurationPlatforms) = preSolution
		Debug|x86 = Debug|x86
		Release|x86 = Release|x86
	EndGlobalSection
	GlobalSection(ProjectConfigurationPlatforms) = postSolution
		{6A1813AD-BD8D-4005-96EE-375A08B0592C}.Debug|x86.ActiveCfg = Debug|x86
		{6A1813AD-BD8D-4005-96EE-375A08B0592C}.Debug|x86.Build.0 = Debug|x86
		{6A1813AD-BD8D-4005-96EE-375A08B0592C}.Release|x86.ActiveCfg = Release|x86
		{6A1813AD-BD8D-4005-96EE-375A08B0592C}.Release|x86.Build.0 = Release|x86
	EndGlobalSection
	GlobalSection(SolutionProperties) = preSolution
		HideSolutionNode = FALSE
	EndGlobalSection
EndGlobal
